// !$*UTF8*$!
{
	archiveVersion = 1;
	classes = {
	};
	objectVersion = 55;
	objects = {

/* Begin PBXBuildFile section */
		7F417AB6272141200074C17B /* AppDelegate.swift in Sources */ = {isa = PBXBuildFile; fileRef = 7F417AB5272141200074C17B /* AppDelegate.swift */; };
		7F417AB8272141200074C17B /* SceneDelegate.swift in Sources */ = {isa = PBXBuildFile; fileRef = 7F417AB7272141200074C17B /* SceneDelegate.swift */; };
		7F417ABA272141200074C17B /* WeatherViewController.swift in Sources */ = {isa = PBXBuildFile; fileRef = 7F417AB9272141200074C17B /* WeatherViewController.swift */; };
		7F417ABD272141200074C17B /* Main.storyboard in Resources */ = {isa = PBXBuildFile; fileRef = 7F417ABB272141200074C17B /* Main.storyboard */; };
		7F417ABF272141230074C17B /* Assets.xcassets in Resources */ = {isa = PBXBuildFile; fileRef = 7F417ABE272141230074C17B /* Assets.xcassets */; };
		7F417AC2272141240074C17B /* LaunchScreen.storyboard in Resources */ = {isa = PBXBuildFile; fileRef = 7F417AC0272141240074C17B /* LaunchScreen.storyboard */; };
		7F417AD0272153110074C17B /* ForecastCollectionViewCell.swift in Sources */ = {isa = PBXBuildFile; fileRef = 7F417ACE272153110074C17B /* ForecastCollectionViewCell.swift */; };
		7F417AD1272153110074C17B /* ForecastCollectionViewCell.xib in Resources */ = {isa = PBXBuildFile; fileRef = 7F417ACF272153110074C17B /* ForecastCollectionViewCell.xib */; };
		7F417AD3272163B70074C17B /* CurrentWeatherManager.swift in Sources */ = {isa = PBXBuildFile; fileRef = 7F417AD2272163B70074C17B /* CurrentWeatherManager.swift */; };
		7F417AD5272163BF0074C17B /* CurrentWeatherModel.swift in Sources */ = {isa = PBXBuildFile; fileRef = 7F417AD4272163BF0074C17B /* CurrentWeatherModel.swift */; };
		7F417AD7272163D10074C17B /* CurrentWeatherData.swift in Sources */ = {isa = PBXBuildFile; fileRef = 7F417AD6272163D10074C17B /* CurrentWeatherData.swift */; };
		7F417AD927216F250074C17B /* UIView+Extensions.swift in Sources */ = {isa = PBXBuildFile; fileRef = 7F417AD827216F250074C17B /* UIView+Extensions.swift */; };
		7F417ADC272170A90074C17B /* Date+Extensions.swift in Sources */ = {isa = PBXBuildFile; fileRef = 7F417ADB272170A90074C17B /* Date+Extensions.swift */; };
		7F417ADE2721845C0074C17B /* ForecastData.swift in Sources */ = {isa = PBXBuildFile; fileRef = 7F417ADD2721845C0074C17B /* ForecastData.swift */; };
		7F417AE0272188A10074C17B /* ForecastModel.swift in Sources */ = {isa = PBXBuildFile; fileRef = 7F417ADF272188A10074C17B /* ForecastModel.swift */; };
		7F417AE227218B4E0074C17B /* ForecastManager.swift in Sources */ = {isa = PBXBuildFile; fileRef = 7F417AE127218B4E0074C17B /* ForecastManager.swift */; };
		7F417AE62724142D0074C17B /* CALayer+Extensions.swift in Sources */ = {isa = PBXBuildFile; fileRef = 7F417AE52724142D0074C17B /* CALayer+Extensions.swift */; };
		7FD0B836272594E9007E7F7B /* String+Extensions.swift in Sources */ = {isa = PBXBuildFile; fileRef = 7FD0B835272594E9007E7F7B /* String+Extensions.swift */; };
/* End PBXBuildFile section */

/* Begin PBXFileReference section */
		7F417AB2272141200074C17B /* WeatherApp.app */ = {isa = PBXFileReference; explicitFileType = wrapper.application; includeInIndex = 0; path = WeatherApp.app; sourceTree = BUILT_PRODUCTS_DIR; };
		7F417AB5272141200074C17B /* AppDelegate.swift */ = {isa = PBXFileReference; lastKnownFileType = sourcecode.swift; path = AppDelegate.swift; sourceTree = "<group>"; };
		7F417AB7272141200074C17B /* SceneDelegate.swift */ = {isa = PBXFileReference; lastKnownFileType = sourcecode.swift; path = SceneDelegate.swift; sourceTree = "<group>"; };
		7F417AB9272141200074C17B /* WeatherViewController.swift */ = {isa = PBXFileReference; lastKnownFileType = sourcecode.swift; path = WeatherViewController.swift; sourceTree = "<group>"; };
		7F417ABC272141200074C17B /* Base */ = {isa = PBXFileReference; lastKnownFileType = file.storyboard; name = Base; path = Base.lproj/Main.storyboard; sourceTree = "<group>"; };
		7F417ABE272141230074C17B /* Assets.xcassets */ = {isa = PBXFileReference; lastKnownFileType = folder.assetcatalog; path = Assets.xcassets; sourceTree = "<group>"; };
		7F417AC1272141240074C17B /* Base */ = {isa = PBXFileReference; lastKnownFileType = file.storyboard; name = Base; path = Base.lproj/LaunchScreen.storyboard; sourceTree = "<group>"; };
		7F417AC3272141240074C17B /* Info.plist */ = {isa = PBXFileReference; lastKnownFileType = text.plist.xml; path = Info.plist; sourceTree = "<group>"; };
		7F417ACE272153110074C17B /* ForecastCollectionViewCell.swift */ = {isa = PBXFileReference; lastKnownFileType = sourcecode.swift; path = ForecastCollectionViewCell.swift; sourceTree = "<group>"; };
		7F417ACF272153110074C17B /* ForecastCollectionViewCell.xib */ = {isa = PBXFileReference; lastKnownFileType = file.xib; path = ForecastCollectionViewCell.xib; sourceTree = "<group>"; };
		7F417AD2272163B70074C17B /* CurrentWeatherManager.swift */ = {isa = PBXFileReference; lastKnownFileType = sourcecode.swift; path = CurrentWeatherManager.swift; sourceTree = "<group>"; };
		7F417AD4272163BF0074C17B /* CurrentWeatherModel.swift */ = {isa = PBXFileReference; lastKnownFileType = sourcecode.swift; path = CurrentWeatherModel.swift; sourceTree = "<group>"; };
		7F417AD6272163D10074C17B /* CurrentWeatherData.swift */ = {isa = PBXFileReference; lastKnownFileType = sourcecode.swift; path = CurrentWeatherData.swift; sourceTree = "<group>"; };
		7F417AD827216F250074C17B /* UIView+Extensions.swift */ = {isa = PBXFileReference; lastKnownFileType = sourcecode.swift; path = "UIView+Extensions.swift"; sourceTree = "<group>"; };
		7F417ADB272170A90074C17B /* Date+Extensions.swift */ = {isa = PBXFileReference; lastKnownFileType = sourcecode.swift; path = "Date+Extensions.swift"; sourceTree = "<group>"; };
		7F417ADD2721845C0074C17B /* ForecastData.swift */ = {isa = PBXFileReference; lastKnownFileType = sourcecode.swift; path = ForecastData.swift; sourceTree = "<group>"; };
		7F417ADF272188A10074C17B /* ForecastModel.swift */ = {isa = PBXFileReference; lastKnownFileType = sourcecode.swift; path = ForecastModel.swift; sourceTree = "<group>"; };
		7F417AE127218B4E0074C17B /* ForecastManager.swift */ = {isa = PBXFileReference; lastKnownFileType = sourcecode.swift; path = ForecastManager.swift; sourceTree = "<group>"; };
		7F417AE52724142D0074C17B /* CALayer+Extensions.swift */ = {isa = PBXFileReference; lastKnownFileType = sourcecode.swift; path = "CALayer+Extensions.swift"; sourceTree = "<group>"; };
		7FD0B835272594E9007E7F7B /* String+Extensions.swift */ = {isa = PBXFileReference; lastKnownFileType = sourcecode.swift; path = "String+Extensions.swift"; sourceTree = "<group>"; };
/* End PBXFileReference section */

/* Begin PBXFrameworksBuildPhase section */
		7F417AAF272141200074C17B /* Frameworks */ = {
			isa = PBXFrameworksBuildPhase;
			buildActionMask = 2147483647;
			files = (
			);
			runOnlyForDeploymentPostprocessing = 0;
		};
/* End PBXFrameworksBuildPhase section */

/* Begin PBXGroup section */
		7F417AA9272141200074C17B = {
			isa = PBXGroup;
			children = (
				7F417AB4272141200074C17B /* WeatherApp */,
				7F417AB3272141200074C17B /* Products */,
			);
			sourceTree = "<group>";
		};
		7F417AB3272141200074C17B /* Products */ = {
			isa = PBXGroup;
			children = (
				7F417AB2272141200074C17B /* WeatherApp.app */,
			);
			name = Products;
			sourceTree = "<group>";
		};
		7F417AB4272141200074C17B /* WeatherApp */ = {
			isa = PBXGroup;
			children = (
				7F417AB5272141200074C17B /* AppDelegate.swift */,
				7F417AB7272141200074C17B /* SceneDelegate.swift */,
				7F417ADA272170940074C17B /* Extensions */,
				7F417ACB272152C40074C17B /* Controller */,
				7F417ACA272152BC0074C17B /* View */,
				7F417AC9272152B20074C17B /* Model */,
				7F417AE927248D9E0074C17B /* SupportingFiles */,
				7F417AEA27248F2C0074C17B /* Resources */,
			);
			path = WeatherApp;
			sourceTree = "<group>";
		};
		7F417AC9272152B20074C17B /* Model */ = {
			isa = PBXGroup;
			children = (
				7F417AE32722B0740074C17B /* CurrentWeather */,
				7F417AE42722B0A80074C17B /* Forecast */,
			);
			path = Model;
			sourceTree = "<group>";
		};
		7F417ACA272152BC0074C17B /* View */ = {
			isa = PBXGroup;
			children = (
				7F417ACE272153110074C17B /* ForecastCollectionViewCell.swift */,
				7F417ACF272153110074C17B /* ForecastCollectionViewCell.xib */,
			);
			path = View;
			sourceTree = "<group>";
		};
		7F417ACB272152C40074C17B /* Controller */ = {
			isa = PBXGroup;
			children = (
				7F417AB9272141200074C17B /* WeatherViewController.swift */,
				7F417ABB272141200074C17B /* Main.storyboard */,
			);
			path = Controller;
			sourceTree = "<group>";
		};
		7F417ADA272170940074C17B /* Extensions */ = {
			isa = PBXGroup;
			children = (
				7F417AD827216F250074C17B /* UIView+Extensions.swift */,
				7F417ADB272170A90074C17B /* Date+Extensions.swift */,
				7F417AE52724142D0074C17B /* CALayer+Extensions.swift */,
				7FD0B835272594E9007E7F7B /* String+Extensions.swift */,
			);
			path = Extensions;
			sourceTree = "<group>";
		};
		7F417AE32722B0740074C17B /* CurrentWeather */ = {
			isa = PBXGroup;
			children = (
				7F417AD2272163B70074C17B /* CurrentWeatherManager.swift */,
				7F417AD4272163BF0074C17B /* CurrentWeatherModel.swift */,
				7F417AD6272163D10074C17B /* CurrentWeatherData.swift */,
			);
			path = CurrentWeather;
			sourceTree = "<group>";
		};
		7F417AE42722B0A80074C17B /* Forecast */ = {
			isa = PBXGroup;
			children = (
				7F417ADD2721845C0074C17B /* ForecastData.swift */,
				7F417ADF272188A10074C17B /* ForecastModel.swift */,
				7F417AE127218B4E0074C17B /* ForecastManager.swift */,
			);
			path = Forecast;
			sourceTree = "<group>";
		};
		7F417AE927248D9E0074C17B /* SupportingFiles */ = {
			isa = PBXGroup;
			children = (
				7F417AC0272141240074C17B /* LaunchScreen.storyboard */,
				7F417AC3272141240074C17B /* Info.plist */,
			);
			path = SupportingFiles;
			sourceTree = "<group>";
		};
		7F417AEA27248F2C0074C17B /* Resources */ = {
			isa = PBXGroup;
			children = (
				7F417ABE272141230074C17B /* Assets.xcassets */,
			);
			path = Resources;
			sourceTree = "<group>";
		};
/* End PBXGroup section */

/* Begin PBXNativeTarget section */
		7F417AB1272141200074C17B /* WeatherApp */ = {
			isa = PBXNativeTarget;
			buildConfigurationList = 7F417AC6272141240074C17B /* Build configuration list for PBXNativeTarget "WeatherApp" */;
			buildPhases = (
				7F417AAE272141200074C17B /* Sources */,
				7F417AAF272141200074C17B /* Frameworks */,
				7F417AB0272141200074C17B /* Resources */,
			);
			buildRules = (
			);
			dependencies = (
			);
			name = WeatherApp;
			productName = WeatherApp;
			productReference = 7F417AB2272141200074C17B /* WeatherApp.app */;
			productType = "com.apple.product-type.application";
		};
/* End PBXNativeTarget section */

/* Begin PBXProject section */
		7F417AAA272141200074C17B /* Project object */ = {
			isa = PBXProject;
			attributes = {
				BuildIndependentTargetsInParallel = 1;
				LastSwiftUpdateCheck = 1300;
				LastUpgradeCheck = 1300;
				TargetAttributes = {
					7F417AB1272141200074C17B = {
						CreatedOnToolsVersion = 13.0;
					};
				};
			};
			buildConfigurationList = 7F417AAD272141200074C17B /* Build configuration list for PBXProject "WeatherApp" */;
			compatibilityVersion = "Xcode 13.0";
			developmentRegion = en;
			hasScannedForEncodings = 0;
			knownRegions = (
				en,
				Base,
			);
			mainGroup = 7F417AA9272141200074C17B;
			productRefGroup = 7F417AB3272141200074C17B /* Products */;
			projectDirPath = "";
			projectRoot = "";
			targets = (
				7F417AB1272141200074C17B /* WeatherApp */,
			);
		};
/* End PBXProject section */

/* Begin PBXResourcesBuildPhase section */
		7F417AB0272141200074C17B /* Resources */ = {
			isa = PBXResourcesBuildPhase;
			buildActionMask = 2147483647;
			files = (
				7F417AC2272141240074C17B /* LaunchScreen.storyboard in Resources */,
				7F417AD1272153110074C17B /* ForecastCollectionViewCell.xib in Resources */,
				7F417ABF272141230074C17B /* Assets.xcassets in Resources */,
				7F417ABD272141200074C17B /* Main.storyboard in Resources */,
			);
			runOnlyForDeploymentPostprocessing = 0;
		};
/* End PBXResourcesBuildPhase section */

/* Begin PBXSourcesBuildPhase section */
		7F417AAE272141200074C17B /* Sources */ = {
			isa = PBXSourcesBuildPhase;
			buildActionMask = 2147483647;
			files = (
				7F417ABA272141200074C17B /* WeatherViewController.swift in Sources */,
				7F417AB6272141200074C17B /* AppDelegate.swift in Sources */,
				7F417ADC272170A90074C17B /* Date+Extensions.swift in Sources */,
				7F417AD5272163BF0074C17B /* CurrentWeatherModel.swift in Sources */,
				7F417AD0272153110074C17B /* ForecastCollectionViewCell.swift in Sources */,
				7F417AB8272141200074C17B /* SceneDelegate.swift in Sources */,
				7F417AE227218B4E0074C17B /* ForecastManager.swift in Sources */,
				7F417AD7272163D10074C17B /* CurrentWeatherData.swift in Sources */,
				7F417AD927216F250074C17B /* UIView+Extensions.swift in Sources */,
				7F417AE0272188A10074C17B /* ForecastModel.swift in Sources */,
				7FD0B836272594E9007E7F7B /* String+Extensions.swift in Sources */,
				7F417AE62724142D0074C17B /* CALayer+Extensions.swift in Sources */,
				7F417ADE2721845C0074C17B /* ForecastData.swift in Sources */,
				7F417AD3272163B70074C17B /* CurrentWeatherManager.swift in Sources */,
			);
			runOnlyForDeploymentPostprocessing = 0;
		};
/* End PBXSourcesBuildPhase section */

/* Begin PBXVariantGroup section */
		7F417ABB272141200074C17B /* Main.storyboard */ = {
			isa = PBXVariantGroup;
			children = (
				7F417ABC272141200074C17B /* Base */,
			);
			name = Main.storyboard;
			sourceTree = "<group>";
		};
		7F417AC0272141240074C17B /* LaunchScreen.storyboard */ = {
			isa = PBXVariantGroup;
			children = (
				7F417AC1272141240074C17B /* Base */,
			);
			name = LaunchScreen.storyboard;
			sourceTree = "<group>";
		};
/* End PBXVariantGroup section */

/* Begin XCBuildConfiguration section */
		7F417AC4272141240074C17B /* Debug */ = {
			isa = XCBuildConfiguration;
			buildSettings = {
				ALWAYS_SEARCH_USER_PATHS = NO;
				CLANG_ANALYZER_NONNULL = YES;
				CLANG_ANALYZER_NUMBER_OBJECT_CONVERSION = YES_AGGRESSIVE;
				CLANG_CXX_LANGUAGE_STANDARD = "gnu++17";
				CLANG_CXX_LIBRARY = "libc++";
				CLANG_ENABLE_MODULES = YES;
				CLANG_ENABLE_OBJC_ARC = YES;
				CLANG_ENABLE_OBJC_WEAK = YES;
				CLANG_WARN_BLOCK_CAPTURE_AUTORELEASING = YES;
				CLANG_WARN_BOOL_CONVERSION = YES;
				CLANG_WARN_COMMA = YES;
				CLANG_WARN_CONSTANT_CONVERSION = YES;
				CLANG_WARN_DEPRECATED_OBJC_IMPLEMENTATIONS = YES;
				CLANG_WARN_DIRECT_OBJC_ISA_USAGE = YES_ERROR;
				CLANG_WARN_DOCUMENTATION_COMMENTS = YES;
				CLANG_WARN_EMPTY_BODY = YES;
				CLANG_WARN_ENUM_CONVERSION = YES;
				CLANG_WARN_INFINITE_RECURSION = YES;
				CLANG_WARN_INT_CONVERSION = YES;
				CLANG_WARN_NON_LITERAL_NULL_CONVERSION = YES;
				CLANG_WARN_OBJC_IMPLICIT_RETAIN_SELF = YES;
				CLANG_WARN_OBJC_LITERAL_CONVERSION = YES;
				CLANG_WARN_OBJC_ROOT_CLASS = YES_ERROR;
				CLANG_WARN_QUOTED_INCLUDE_IN_FRAMEWORK_HEADER = YES;
				CLANG_WARN_RANGE_LOOP_ANALYSIS = YES;
				CLANG_WARN_STRICT_PROTOTYPES = YES;
				CLANG_WARN_SUSPICIOUS_MOVE = YES;
				CLANG_WARN_UNGUARDED_AVAILABILITY = YES_AGGRESSIVE;
				CLANG_WARN_UNREACHABLE_CODE = YES;
				CLANG_WARN__DUPLICATE_METHOD_MATCH = YES;
				COPY_PHASE_STRIP = NO;
				DEBUG_INFORMATION_FORMAT = dwarf;
				ENABLE_STRICT_OBJC_MSGSEND = YES;
				ENABLE_TESTABILITY = YES;
				GCC_C_LANGUAGE_STANDARD = gnu11;
				GCC_DYNAMIC_NO_PIC = NO;
				GCC_NO_COMMON_BLOCKS = YES;
				GCC_OPTIMIZATION_LEVEL = 0;
				GCC_PREPROCESSOR_DEFINITIONS = (
					"DEBUG=1",
					"$(inherited)",
				);
				GCC_WARN_64_TO_32_BIT_CONVERSION = YES;
				GCC_WARN_ABOUT_RETURN_TYPE = YES_ERROR;
				GCC_WARN_UNDECLARED_SELECTOR = YES;
				GCC_WARN_UNINITIALIZED_AUTOS = YES_AGGRESSIVE;
				GCC_WARN_UNUSED_FUNCTION = YES;
				GCC_WARN_UNUSED_VARIABLE = YES;
				IPHONEOS_DEPLOYMENT_TARGET = 15.0;
				MTL_ENABLE_DEBUG_INFO = INCLUDE_SOURCE;
				MTL_FAST_MATH = YES;
				ONLY_ACTIVE_ARCH = YES;
				SDKROOT = iphoneos;
				SWIFT_ACTIVE_COMPILATION_CONDITIONS = DEBUG;
				SWIFT_OPTIMIZATION_LEVEL = "-Onone";
			};
			name = Debug;
		};
		7F417AC5272141240074C17B /* Release */ = {
			isa = XCBuildConfiguration;
			buildSettings = {
				ALWAYS_SEARCH_USER_PATHS = NO;
				CLANG_ANALYZER_NONNULL = YES;
				CLANG_ANALYZER_NUMBER_OBJECT_CONVERSION = YES_AGGRESSIVE;
				CLANG_CXX_LANGUAGE_STANDARD = "gnu++17";
				CLANG_CXX_LIBRARY = "libc++";
				CLANG_ENABLE_MODULES = YES;
				CLANG_ENABLE_OBJC_ARC = YES;
				CLANG_ENABLE_OBJC_WEAK = YES;
				CLANG_WARN_BLOCK_CAPTURE_AUTORELEASING = YES;
				CLANG_WARN_BOOL_CONVERSION = YES;
				CLANG_WARN_COMMA = YES;
				CLANG_WARN_CONSTANT_CONVERSION = YES;
				CLANG_WARN_DEPRECATED_OBJC_IMPLEMENTATIONS = YES;
				CLANG_WARN_DIRECT_OBJC_ISA_USAGE = YES_ERROR;
				CLANG_WARN_DOCUMENTATION_COMMENTS = YES;
				CLANG_WARN_EMPTY_BODY = YES;
				CLANG_WARN_ENUM_CONVERSION = YES;
				CLANG_WARN_INFINITE_RECURSION = YES;
				CLANG_WARN_INT_CONVERSION = YES;
				CLANG_WARN_NON_LITERAL_NULL_CONVERSION = YES;
				CLANG_WARN_OBJC_IMPLICIT_RETAIN_SELF = YES;
				CLANG_WARN_OBJC_LITERAL_CONVERSION = YES;
				CLANG_WARN_OBJC_ROOT_CLASS = YES_ERROR;
				CLANG_WARN_QUOTED_INCLUDE_IN_FRAMEWORK_HEADER = YES;
				CLANG_WARN_RANGE_LOOP_ANALYSIS = YES;
				CLANG_WARN_STRICT_PROTOTYPES = YES;
				CLANG_WARN_SUSPICIOUS_MOVE = YES;
				CLANG_WARN_UNGUARDED_AVAILABILITY = YES_AGGRESSIVE;
				CLANG_WARN_UNREACHABLE_CODE = YES;
				CLANG_WARN__DUPLICATE_METHOD_MATCH = YES;
				COPY_PHASE_STRIP = NO;
				DEBUG_INFORMATION_FORMAT = "dwarf-with-dsym";
				ENABLE_NS_ASSERTIONS = NO;
				ENABLE_STRICT_OBJC_MSGSEND = YES;
				GCC_C_LANGUAGE_STANDARD = gnu11;
				GCC_NO_COMMON_BLOCKS = YES;
				GCC_WARN_64_TO_32_BIT_CONVERSION = YES;
				GCC_WARN_ABOUT_RETURN_TYPE = YES_ERROR;
				GCC_WARN_UNDECLARED_SELECTOR = YES;
				GCC_WARN_UNINITIALIZED_AUTOS = YES_AGGRESSIVE;
				GCC_WARN_UNUSED_FUNCTION = YES;
				GCC_WARN_UNUSED_VARIABLE = YES;
				IPHONEOS_DEPLOYMENT_TARGET = 15.0;
				MTL_ENABLE_DEBUG_INFO = NO;
				MTL_FAST_MATH = YES;
				SDKROOT = iphoneos;
				SWIFT_COMPILATION_MODE = wholemodule;
				SWIFT_OPTIMIZATION_LEVEL = "-O";
				VALIDATE_PRODUCT = YES;
			};
			name = Release;
		};
		7F417AC7272141240074C17B /* Debug */ = {
			isa = XCBuildConfiguration;
			buildSettings = {
				ASSETCATALOG_COMPILER_APPICON_NAME = AppIcon;
				ASSETCATALOG_COMPILER_GLOBAL_ACCENT_COLOR_NAME = AccentColor;
				CODE_SIGN_STYLE = Automatic;
				CURRENT_PROJECT_VERSION = 1;
				DEVELOPMENT_TEAM = J4BH3WR6T4;
				GENERATE_INFOPLIST_FILE = YES;
				INFOPLIST_FILE = WeatherApp/SupportingFiles/Info.plist;
				INFOPLIST_KEY_UIApplicationSupportsIndirectInputEvents = YES;
				INFOPLIST_KEY_UILaunchStoryboardName = LaunchScreen;
				INFOPLIST_KEY_UIMainStoryboardFile = Main;
				INFOPLIST_KEY_UISupportedInterfaceOrientations_iPad = "UIInterfaceOrientationPortrait UIInterfaceOrientationPortraitUpsideDown UIInterfaceOrientationLandscapeLeft UIInterfaceOrientationLandscapeRight";
				INFOPLIST_KEY_UISupportedInterfaceOrientations_iPhone = "UIInterfaceOrientationPortrait UIInterfaceOrientationLandscapeLeft UIInterfaceOrientationLandscapeRight";
				IPHONEOS_DEPLOYMENT_TARGET = 14.0;
				LD_RUNPATH_SEARCH_PATHS = (
					"$(inherited)",
					"@executable_path/Frameworks",
				);
				MARKETING_VERSION = 1.0;
				PRODUCT_BUNDLE_IDENTIFIER = MilosPetrusic.WeatherApp;
				PRODUCT_NAME = "$(TARGET_NAME)";
				SWIFT_EMIT_LOC_STRINGS = YES;
				SWIFT_VERSION = 5.0;
				TARGETED_DEVICE_FAMILY = "1,2";
			};
			name = Debug;
		};
		7F417AC8272141240074C17B /* Release */ = {
			isa = XCBuildConfiguration;
			buildSettings = {
				ASSETCATALOG_COMPILER_APPICON_NAME = AppIcon;
				ASSETCATALOG_COMPILER_GLOBAL_ACCENT_COLOR_NAME = AccentColor;
				CODE_SIGN_STYLE = Automatic;
				CURRENT_PROJECT_VERSION = 1;
				DEVELOPMENT_TEAM = J4BH3WR6T4;
				GENERATE_INFOPLIST_FILE = YES;
				INFOPLIST_FILE = WeatherApp/SupportingFiles/Info.plist;
				INFOPLIST_KEY_UIApplicationSupportsIndirectInputEvents = YES;
				INFOPLIST_KEY_UILaunchStoryboardName = LaunchScreen;
				INFOPLIST_KEY_UIMainStoryboardFile = Main;
				INFOPLIST_KEY_UISupportedInterfaceOrientations_iPad = "UIInterfaceOrientationPortrait UIInterfaceOrientationPortraitUpsideDown UIInterfaceOrientationLandscapeLeft UIInterfaceOrientationLandscapeRight";
				INFOPLIST_KEY_UISupportedInterfaceOrientations_iPhone = "UIInterfaceOrientationPortrait UIInterfaceOrientationLandscapeLeft UIInterfaceOrientationLandscapeRight";
				IPHONEOS_DEPLOYMENT_TARGET = 14.0;
				LD_RUNPATH_SEARCH_PATHS = (
					"$(inherited)",
					"@executable_path/Frameworks",
				);
				MARKETING_VERSION = 1.0;
				PRODUCT_BUNDLE_IDENTIFIER = MilosPetrusic.WeatherApp;
				PRODUCT_NAME = "$(TARGET_NAME)";
				SWIFT_EMIT_LOC_STRINGS = YES;
				SWIFT_VERSION = 5.0;
				TARGETED_DEVICE_FAMILY = "1,2";
			};
			name = Release;
		};
/* End XCBuildConfiguration section */

/* Begin XCConfigurationList section */
		7F417AAD272141200074C17B /* Build configuration list for PBXProject "WeatherApp" */ = {
			isa = XCConfigurationList;
			buildConfigurations = (
				7F417AC4272141240074C17B /* Debug */,
				7F417AC5272141240074C17B /* Release */,
			);
			defaultConfigurationIsVisible = 0;
			defaultConfigurationName = Release;
		};
		7F417AC6272141240074C17B /* Build configuration list for PBXNativeTarget "WeatherApp" */ = {
			isa = XCConfigurationList;
			buildConfigurations = (
				7F417AC7272141240074C17B /* Debug */,
				7F417AC8272141240074C17B /* Release */,
			);
			defaultConfigurationIsVisible = 0;
			defaultConfigurationName = Release;
		};
/* End XCConfigurationList section */
	};
	rootObject = 7F417AAA272141200074C17B /* Project object */;
}
